
Microsoft Visual Studio Solution File, Format Version 12.00
# Visual Studio Version 17
VisualStudioVersion = 17.11.35327.3
MinimumVisualStudioVersion = 10.0.40219.1
Project("{FAE04EC0-301F-11D3-BF4B-00C04F79EFBC}") = "result data", "result data\result data.csproj", "{AAC3FF01-FD50-4F82-96C7-A8D57B05BD51}"
EndProject
Global
	GlobalSection(SolutionConfigurationPlatforms) = preSolution
		Debug|Any CPU = Debug|Any CPU
		Release|Any CPU = Release|Any CPU
	EndGlobalSection
	GlobalSection(ProjectConfigurationPlatforms) = postSolution
		{AAC3FF01-FD50-4F82-96C7-A8D57B05BD51}.Debug|Any CPU.ActiveCfg = Debug|Any CPU
		{AAC3FF01-FD50-4F82-96C7-A8D57B05BD51}.Debug|Any CPU.Build.0 = Debug|Any CPU
		{AAC3FF01-FD50-4F82-96C7-A8D57B05BD51}.Release|Any CPU.ActiveCfg = Release|Any CPU
		{AAC3FF01-FD50-4F82-96C7-A8D57B05BD51}.Release|Any CPU.Build.0 = Release|Any CPU
	EndGlobalSection
	GlobalSection(SolutionProperties) = preSolution
		HideSolutionNode = FALSE
	EndGlobalSection
	GlobalSection(ExtensibilityGlobals) = postSolution
		SolutionGuid = {CC8A7469-1638-4DFF-BB76-84D4A7F29ED4}
	EndGlobalSection
EndGlobal
